
Microsoft Visual Studio Solution File, Format Version 12.00
# Visual Studio Version 17
VisualStudioVersion = 17.5.002.0
MinimumVisualStudioVersion = 10.0.40219.1
Project("{9A19103F-16F7-4668-BE54-9A1E7A4F7556}") = "AuthApp", "AuthApp.csproj", "{75B4A9E1-9A9C-4E7F-B9DF-2E026D024EA1}"
EndProject
Global
	GlobalSection(SolutionConfigurationPlatforms) = preSolution
		Debug|Any CPU = Debug|Any CPU
		Release|Any CPU = Release|Any CPU
	EndGlobalSection
	GlobalSection(ProjectConfigurationPlatforms) = postSolution
		{75B4A9E1-9A9C-4E7F-B9DF-2E026D024EA1}.Debug|Any CPU.ActiveCfg = Debug|Any CPU
		{75B4A9E1-9A9C-4E7F-B9DF-2E026D024EA1}.Debug|Any CPU.Build.0 = Debug|Any CPU
		{75B4A9E1-9A9C-4E7F-B9DF-2E026D024EA1}.Release|Any CPU.ActiveCfg = Release|Any CPU
		{75B4A9E1-9A9C-4E7F-B9DF-2E026D024EA1}.Release|Any CPU.Build.0 = Release|Any CPU
	EndGlobalSection
	GlobalSection(SolutionProperties) = preSolution
		HideSolutionNode = FALSE
	EndGlobalSection
	GlobalSection(ExtensibilityGlobals) = postSolution
		SolutionGuid = {43A1F6C2-7E8D-461C-A93F-C4696F9E795C}
	EndGlobalSection
EndGlobal
